
Microsoft Visual Studio Solution File, Format Version 12.00
# Visual Studio Version 17
VisualStudioVersion = 17.9.34714.143
MinimumVisualStudioVersion = 10.0.40219.1
Project("{FAE04EC0-301F-11D3-BF4B-00C04F79EFBC}") = "ResumeManagement-API", "ResumeManagement-API\ResumeManagement-API.csproj", "{26507159-EC8C-4C50-B8AB-7DFC787BBBD2}"
EndProject
Global
	GlobalSection(SolutionConfigurationPlatforms) = preSolution
		Debug|Any CPU = Debug|Any CPU
		Release|Any CPU = Release|Any CPU
	EndGlobalSection
	GlobalSection(ProjectConfigurationPlatforms) = postSolution
		{26507159-EC8C-4C50-B8AB-7DFC787BBBD2}.Debug|Any CPU.ActiveCfg = Debug|Any CPU
		{26507159-EC8C-4C50-B8AB-7DFC787BBBD2}.Debug|Any CPU.Build.0 = Debug|Any CPU
		{26507159-EC8C-4C50-B8AB-7DFC787BBBD2}.Release|Any CPU.ActiveCfg = Release|Any CPU
		{26507159-EC8C-4C50-B8AB-7DFC787BBBD2}.Release|Any CPU.Build.0 = Release|Any CPU
	EndGlobalSection
	GlobalSection(SolutionProperties) = preSolution
		HideSolutionNode = FALSE
	EndGlobalSection
	GlobalSection(ExtensibilityGlobals) = postSolution
		SolutionGuid = {B17D30ED-6666-4B00-A6AE-C929031DEB9B}
	EndGlobalSection
EndGlobal
